
Microsoft Visual Studio Solution File, Format Version 12.00
# Visual Studio Version 16
VisualStudioVersion = 16.0.29009.5
MinimumVisualStudioVersion = 10.0.40219.1
Project("{FAE04EC0-301F-11D3-BF4B-00C04F79EFBC}") = "SimpleBlog", "SimpleBlog\SimpleBlog.csproj", "{02244CF6-494A-442D-9E27-8E20F9D64CCC}"
EndProject
Global
	GlobalSection(SolutionConfigurationPlatforms) = preSolution
		Debug|Any CPU = Debug|Any CPU
		Release|Any CPU = Release|Any CPU
	EndGlobalSection
	GlobalSection(ProjectConfigurationPlatforms) = postSolution
		{02244CF6-494A-442D-9E27-8E20F9D64CCC}.Debug|Any CPU.ActiveCfg = Debug|Any CPU
		{02244CF6-494A-442D-9E27-8E20F9D64CCC}.Debug|Any CPU.Build.0 = Debug|Any CPU
		{02244CF6-494A-442D-9E27-8E20F9D64CCC}.Release|Any CPU.ActiveCfg = Release|Any CPU
		{02244CF6-494A-442D-9E27-8E20F9D64CCC}.Release|Any CPU.Build.0 = Release|Any CPU
	EndGlobalSection
	GlobalSection(SolutionProperties) = preSolution
		HideSolutionNode = FALSE
	EndGlobalSection
	GlobalSection(ExtensibilityGlobals) = postSolution
		SolutionGuid = {F6B00F17-6293-4802-BE55-E7CD7E34B6F8}
	EndGlobalSection
EndGlobal
